
Microsoft Visual Studio Solution File, Format Version 12.00
# Visual Studio Version 17
VisualStudioVersion = 17.13.35818.85
MinimumVisualStudioVersion = 10.0.40219.1
Project("{FAE04EC0-301F-11D3-BF4B-00C04F79EFBC}") = "GerenciamentoFuncionarios.Dominio", "GerenciamentoFuncionarios.Dominio\GerenciamentoFuncionarios.Dominio.csproj", "{AE493CCA-3AA6-4318-94FC-F6C5A2EC60CA}"
EndProject
Project("{FAE04EC0-301F-11D3-BF4B-00C04F79EFBC}") = "GerenciamentoFuncionarios.CrossCutting", "GerenciamentoFuncionarios.CrossCutting\GerenciamentoFuncionarios.CrossCutting.csproj", "{069972D0-F791-4B55-AA31-EFE465B1965B}"
EndProject
Project("{FAE04EC0-301F-11D3-BF4B-00C04F79EFBC}") = "GerenciamentoFuncionarios.Data", "GerenciamentoFuncionarios.Data\GerenciamentoFuncionarios.Data.csproj", "{2F1D4035-626A-4E4C-974F-2A3DF28AFC50}"
EndProject
Project("{FAE04EC0-301F-11D3-BF4B-00C04F79EFBC}") = "GerenciamentoFuncionarios.Application", "GerenciamentoFuncionarios.Application\GerenciamentoFuncionarios.Application.csproj", "{0E7585BF-0E87-4159-9E42-381A9E3EF7AB}"
EndProject
Project("{FAE04EC0-301F-11D3-BF4B-00C04F79EFBC}") = "GerenciamentoFuncionarios.Api", "GerenciamentoFuncionarios.Api\GerenciamentoFuncionarios.Api.csproj", "{B02E4A01-B974-4E36-B588-DF599FC87E9B}"
EndProject
Global
	GlobalSection(SolutionConfigurationPlatforms) = preSolution
		Debug|Any CPU = Debug|Any CPU
		Release|Any CPU = Release|Any CPU
	EndGlobalSection
	GlobalSection(ProjectConfigurationPlatforms) = postSolution
		{AE493CCA-3AA6-4318-94FC-F6C5A2EC60CA}.Debug|Any CPU.ActiveCfg = Debug|Any CPU
		{AE493CCA-3AA6-4318-94FC-F6C5A2EC60CA}.Debug|Any CPU.Build.0 = Debug|Any CPU
		{AE493CCA-3AA6-4318-94FC-F6C5A2EC60CA}.Release|Any CPU.ActiveCfg = Release|Any CPU
		{AE493CCA-3AA6-4318-94FC-F6C5A2EC60CA}.Release|Any CPU.Build.0 = Release|Any CPU
		{069972D0-F791-4B55-AA31-EFE465B1965B}.Debug|Any CPU.ActiveCfg = Debug|Any CPU
		{069972D0-F791-4B55-AA31-EFE465B1965B}.Debug|Any CPU.Build.0 = Debug|Any CPU
		{069972D0-F791-4B55-AA31-EFE465B1965B}.Release|Any CPU.ActiveCfg = Release|Any CPU
		{069972D0-F791-4B55-AA31-EFE465B1965B}.Release|Any CPU.Build.0 = Release|Any CPU
		{2F1D4035-626A-4E4C-974F-2A3DF28AFC50}.Debug|Any CPU.ActiveCfg = Debug|Any CPU
		{2F1D4035-626A-4E4C-974F-2A3DF28AFC50}.Debug|Any CPU.Build.0 = Debug|Any CPU
		{2F1D4035-626A-4E4C-974F-2A3DF28AFC50}.Release|Any CPU.ActiveCfg = Release|Any CPU
		{2F1D4035-626A-4E4C-974F-2A3DF28AFC50}.Release|Any CPU.Build.0 = Release|Any CPU
		{0E7585BF-0E87-4159-9E42-381A9E3EF7AB}.Debug|Any CPU.ActiveCfg = Debug|Any CPU
		{0E7585BF-0E87-4159-9E42-381A9E3EF7AB}.Debug|Any CPU.Build.0 = Debug|Any CPU
		{0E7585BF-0E87-4159-9E42-381A9E3EF7AB}.Release|Any CPU.ActiveCfg = Release|Any CPU
		{0E7585BF-0E87-4159-9E42-381A9E3EF7AB}.Release|Any CPU.Build.0 = Release|Any CPU
		{B02E4A01-B974-4E36-B588-DF599FC87E9B}.Debug|Any CPU.ActiveCfg = Debug|Any CPU
		{B02E4A01-B974-4E36-B588-DF599FC87E9B}.Debug|Any CPU.Build.0 = Debug|Any CPU
		{B02E4A01-B974-4E36-B588-DF599FC87E9B}.Release|Any CPU.ActiveCfg = Release|Any CPU
		{B02E4A01-B974-4E36-B588-DF599FC87E9B}.Release|Any CPU.Build.0 = Release|Any CPU
	EndGlobalSection
	GlobalSection(SolutionProperties) = preSolution
		HideSolutionNode = FALSE
	EndGlobalSection
	GlobalSection(ExtensibilityGlobals) = postSolution
		SolutionGuid = {C6C61F11-8F3E-4446-9932-972A8E64A223}
	EndGlobalSection
EndGlobal
